
Microsoft Visual Studio Solution File, Format Version 12.00
# Visual Studio Version 16
VisualStudioVersion = 16.0.31829.152
MinimumVisualStudioVersion = 10.0.40219.1
Project("{8BC9CEB8-8B4A-11D0-8D11-00A0C91BC942}") = "Model 0", "Model 0\Model 0.vcxproj", "{2DDECFB5-7EFF-43C3-BC92-1785F523F12E}"
EndProject
Project("{8BC9CEB8-8B4A-11D0-8D11-00A0C91BC942}") = "Model 1", "Model 1\Model 1.vcxproj", "{14A3586E-FE0D-4FD8-8105-67726C372F95}"
EndProject
Project("{8BC9CEB8-8B4A-11D0-8D11-00A0C91BC942}") = "Model 2", "Model 2\Model 2.vcxproj", "{3DFA1513-349E-4F5B-A9D6-25BADADBA1C2}"
EndProject
Global
	GlobalSection(SolutionConfigurationPlatforms) = preSolution
		Debug|Win32 = Debug|Win32
		Debug|x64 = Debug|x64
		Release|Win32 = Release|Win32
		Release|x64 = Release|x64
	EndGlobalSection
	GlobalSection(ProjectConfigurationPlatforms) = postSolution
		{2DDECFB5-7EFF-43C3-BC92-1785F523F12E}.Debug|Win32.ActiveCfg = Debug|Win32
		{2DDECFB5-7EFF-43C3-BC92-1785F523F12E}.Debug|Win32.Build.0 = Debug|Win32
		{2DDECFB5-7EFF-43C3-BC92-1785F523F12E}.Debug|x64.ActiveCfg = Debug|x64
		{2DDECFB5-7EFF-43C3-BC92-1785F523F12E}.Debug|x64.Build.0 = Debug|x64
		{2DDECFB5-7EFF-43C3-BC92-1785F523F12E}.Release|Win32.ActiveCfg = Release|Win32
		{2DDECFB5-7EFF-43C3-BC92-1785F523F12E}.Release|Win32.Build.0 = Release|Win32
		{2DDECFB5-7EFF-43C3-BC92-1785F523F12E}.Release|x64.ActiveCfg = Release|x64
		{2DDECFB5-7EFF-43C3-BC92-1785F523F12E}.Release|x64.Build.0 = Release|x64
		{14A3586E-FE0D-4FD8-8105-67726C372F95}.Debug|Win32.ActiveCfg = Debug|Win32
		{14A3586E-FE0D-4FD8-8105-67726C372F95}.Debug|Win32.Build.0 = Debug|Win32
		{14A3586E-FE0D-4FD8-8105-67726C372F95}.Debug|x64.ActiveCfg = Debug|x64
		{14A3586E-FE0D-4FD8-8105-67726C372F95}.Debug|x64.Build.0 = Debug|x64
		{14A3586E-FE0D-4FD8-8105-67726C372F95}.Release|Win32.ActiveCfg = Release|Win32
		{14A3586E-FE0D-4FD8-8105-67726C372F95}.Release|Win32.Build.0 = Release|Win32
		{14A3586E-FE0D-4FD8-8105-67726C372F95}.Release|x64.ActiveCfg = Release|x64
		{14A3586E-FE0D-4FD8-8105-67726C372F95}.Release|x64.Build.0 = Release|x64
		{3DFA1513-349E-4F5B-A9D6-25BADADBA1C2}.Debug|Win32.ActiveCfg = Debug|Win32
		{3DFA1513-349E-4F5B-A9D6-25BADADBA1C2}.Debug|Win32.Build.0 = Debug|Win32
		{3DFA1513-349E-4F5B-A9D6-25BADADBA1C2}.Debug|x64.ActiveCfg = Debug|x64
		{3DFA1513-349E-4F5B-A9D6-25BADADBA1C2}.Debug|x64.Build.0 = Debug|x64
		{3DFA1513-349E-4F5B-A9D6-25BADADBA1C2}.Release|Win32.ActiveCfg = Release|Win32
		{3DFA1513-349E-4F5B-A9D6-25BADADBA1C2}.Release|Win32.Build.0 = Release|Win32
		{3DFA1513-349E-4F5B-A9D6-25BADADBA1C2}.Release|x64.ActiveCfg = Release|x64
		{3DFA1513-349E-4F5B-A9D6-25BADADBA1C2}.Release|x64.Build.0 = Release|x64
	EndGlobalSection
	GlobalSection(SolutionProperties) = preSolution
		HideSolutionNode = FALSE
	EndGlobalSection
	GlobalSection(ExtensibilityGlobals) = postSolution
		SolutionGuid = {001830B3-D4A4-411D-8BCF-6FEF40F89226}
	EndGlobalSection
EndGlobal
